version = 1
revision = 2
requires-python = ">=3.13"

[[package]]
name = "appdirs"
version = "1.4.4"
source = { registry = "https://pypi.org/simple" }
sdist = { url = "https://files.pythonhosted.org/packages/d7/d8/05696357e0311f5b5c316d7b95f46c669dd9c15aaeecbb48c7d0aeb88c40/appdirs-1.4.4.tar.gz", hash = "sha256:7d5d0167b2b1ba821647616af46a749d1c653740dd0d2415100fe26e27afdf41", size = 13470, upload-time = "2020-05-11T07:59:51.037Z" }
wheels = [
    { url = "https://files.pythonhosted.org/packages/3b/00/2344469e2084fb287c2e0b57b72910309874c3245463acd6cf5e3db69324/appdirs-1.4.4-py2.py3-none-any.whl", hash = "sha256:a841dacd6b99318a741b166adb07e19ee71a274450e68237b4650ca1055ab128", size = 9566, upload-time = "2020-05-11T07:59:49.499Z" },
]

[[package]]
name = "argcomplete"
version = "3.6.2"
source = { registry = "https://pypi.org/simple" }
sdist = { url = "https://files.pythonhosted.org/packages/16/0f/861e168fc813c56a78b35f3c30d91c6757d1fd185af1110f1aec784b35d0/argcomplete-3.6.2.tar.gz", hash = "sha256:d0519b1bc867f5f4f4713c41ad0aba73a4a5f007449716b16f385f2166dc6adf", size = 73403, upload-time = "2025-04-03T04:57:03.52Z" }
wheels = [
    { url = "https://files.pythonhosted.org/packages/31/da/e42d7a9d8dd33fa775f467e4028a47936da2f01e4b0e561f9ba0d74cb0ca/argcomplete-3.6.2-py3-none-any.whl", hash = "sha256:65b3133a29ad53fb42c48cf5114752c7ab66c1c38544fdf6460f450c09b42591", size = 43708, upload-time = "2025-04-03T04:57:01.591Z" },
]

[[package]]
name = "arrow"
version = "1.3.0"
source = { registry = "https://pypi.org/simple" }
dependencies = [
    { name = "python-dateutil" },
    { name = "types-python-dateutil" },
]
sdist = { url = "https://files.pythonhosted.org/packages/2e/00/0f6e8fcdb23ea632c866620cc872729ff43ed91d284c866b515c6342b173/arrow-1.3.0.tar.gz", hash = "sha256:d4540617648cb5f895730f1ad8c82a65f2dad0166f57b75f3ca54759c4d67a85", size = 131960, upload-time = "2023-09-30T22:11:18.25Z" }
wheels = [
    { url = "https://files.pythonhosted.org/packages/f8/ed/e97229a566617f2ae958a6b13e7cc0f585470eac730a73e9e82c32a3cdd2/arrow-1.3.0-py3-none-any.whl", hash = "sha256:c728b120ebc00eb84e01882a6f5e7927a53960aa990ce7dd2b10f39005a67f80", size = 66419, upload-time = "2023-09-30T22:11:16.072Z" },
]

[[package]]
name = "beautifulsoup4"
version = "4.13.4"
source = { registry = "https://pypi.org/simple" }
dependencies = [
    { name = "soupsieve" },
    { name = "typing-extensions" },
]
sdist = { url = "https://files.pythonhosted.org/packages/d8/e4/0c4c39e18fd76d6a628d4dd8da40543d136ce2d1752bd6eeeab0791f4d6b/beautifulsoup4-4.13.4.tar.gz", hash = "sha256:dbb3c4e1ceae6aefebdaf2423247260cd062430a410e38c66f2baa50a8437195", size = 621067, upload-time = "2025-04-15T17:05:13.836Z" }
wheels = [
    { url = "https://files.pythonhosted.org/packages/50/cd/30110dc0ffcf3b131156077b90e9f60ed75711223f306da4db08eff8403b/beautifulsoup4-4.13.4-py3-none-any.whl", hash = "sha256:9bbbb14bfde9d79f38b8cd5f8c7c85f4b8f2523190ebed90e950a8dea4cb1c4b", size = 187285, upload-time = "2025-04-15T17:05:12.221Z" },
]

[[package]]
name = "cachetools"
version = "6.1.0"
source = { registry = "https://pypi.org/simple" }
sdist = { url = "https://files.pythonhosted.org/packages/8a/89/817ad5d0411f136c484d535952aef74af9b25e0d99e90cdffbe121e6d628/cachetools-6.1.0.tar.gz", hash = "sha256:b4c4f404392848db3ce7aac34950d17be4d864da4b8b66911008e430bc544587", size = 30714, upload-time = "2025-06-16T18:51:03.07Z" }
wheels = [
    { url = "https://files.pythonhosted.org/packages/00/f0/2ef431fe4141f5e334759d73e81120492b23b2824336883a91ac04ba710b/cachetools-6.1.0-py3-none-any.whl", hash = "sha256:1c7bb3cf9193deaf3508b7c5f2a79986c13ea38965c5adcff1f84519cf39163e", size = 11189, upload-time = "2025-06-16T18:51:01.514Z" },
]

[[package]]
name = "certifi"
version = "2025.7.14"
source = { registry = "https://pypi.org/simple" }
sdist = { url = "https://files.pythonhosted.org/packages/b3/76/52c535bcebe74590f296d6c77c86dabf761c41980e1347a2422e4aa2ae41/certifi-2025.7.14.tar.gz", hash = "sha256:8ea99dbdfaaf2ba2f9bac77b9249ef62ec5218e7c2b2e903378ed5fccf765995", size = 163981, upload-time = "2025-07-14T03:29:28.449Z" }
wheels = [
    { url = "https://files.pythonhosted.org/packages/4f/52/34c6cf5bb9285074dc3531c437b3919e825d976fde097a7a73f79e726d03/certifi-2025.7.14-py3-none-any.whl", hash = "sha256:6b31f564a415d79ee77df69d757bb49a5bb53bd9f756cbbe24394ffd6fc1f4b2", size = 162722, upload-time = "2025-07-14T03:29:26.863Z" },
]

[[package]]
name = "cffi"
version = "1.17.1"
source = { registry = "https://pypi.org/simple" }
dependencies = [
    { name = "pycparser" },
]
sdist = { url = "https://files.pythonhosted.org/packages/fc/97/c783634659c2920c3fc70419e3af40972dbaf758daa229a7d6ea6135c90d/cffi-1.17.1.tar.gz", hash = "sha256:1c39c6016c32bc48dd54561950ebd6836e1670f2ae46128f67cf49e789c52824", size = 516621, upload-time = "2024-09-04T20:45:21.852Z" }
wheels = [
    { url = "https://files.pythonhosted.org/packages/bf/ee/f94057fa6426481d663b88637a9a10e859e492c73d0384514a17d78ee205/cffi-1.17.1-cp313-cp313-win32.whl", hash = "sha256:e03eab0a8677fa80d646b5ddece1cbeaf556c313dcfac435ba11f107ba117b5d", size = 172475, upload-time = "2024-09-04T20:44:43.733Z" },
    { url = "https://files.pythonhosted.org/packages/7c/fc/6a8cb64e5f0324877d503c854da15d76c1e50eb722e320b15345c4d0c6de/cffi-1.17.1-cp313-cp313-win_amd64.whl", hash = "sha256:f6a16c31041f09ead72d69f583767292f750d24913dadacf5756b966aacb3f1a", size = 182009, upload-time = "2024-09-04T20:44:45.309Z" },
]

[[package]]
name = "charset-normalizer"
version = "3.4.2"
source = { registry = "https://pypi.org/simple" }
sdist = { url = "https://files.pythonhosted.org/packages/e4/33/89c2ced2b67d1c2a61c19c6751aa8902d46ce3dacb23600a283619f5a12d/charset_normalizer-3.4.2.tar.gz", hash = "sha256:5baececa9ecba31eff645232d59845c07aa030f0c81ee70184a90d35099a0e63", size = 126367, upload-time = "2025-05-02T08:34:42.01Z" }
wheels = [
    { url = "https://files.pythonhosted.org/packages/ea/12/a93df3366ed32db1d907d7593a94f1fe6293903e3e92967bebd6950ed12c/charset_normalizer-3.4.2-cp313-cp313-macosx_10_13_universal2.whl", hash = "sha256:926ca93accd5d36ccdabd803392ddc3e03e6d4cd1cf17deff3b989ab8e9dbcf0", size = 199622, upload-time = "2025-05-02T08:32:56.363Z" },
    { url = "https://files.pythonhosted.org/packages/04/93/bf204e6f344c39d9937d3c13c8cd5bbfc266472e51fc8c07cb7f64fcd2de/charset_normalizer-3.4.2-cp313-cp313-manylinux_2_17_aarch64.manylinux2014_aarch64.whl", hash = "sha256:eba9904b0f38a143592d9fc0e19e2df0fa2e41c3c3745554761c5f6447eedabf", size = 143435, upload-time = "2025-05-02T08:32:58.551Z" },
    { url = "https://files.pythonhosted.org/packages/22/2a/ea8a2095b0bafa6c5b5a55ffdc2f924455233ee7b91c69b7edfcc9e02284/charset_normalizer-3.4.2-cp313-cp313-manylinux_2_17_ppc64le.manylinux2014_ppc64le.whl", hash = "sha256:3fddb7e2c84ac87ac3a947cb4e66d143ca5863ef48e4a5ecb83bd48619e4634e", size = 153653, upload-time = "2025-05-02T08:33:00.342Z" },
    { url = "https://files.pythonhosted.org/packages/b6/57/1b090ff183d13cef485dfbe272e2fe57622a76694061353c59da52c9a659/charset_normalizer-3.4.2-cp313-cp313-manylinux_2_17_s390x.manylinux2014_s390x.whl", hash = "sha256:98f862da73774290f251b9df8d11161b6cf25b599a66baf087c1ffe340e9bfd1", size = 146231, upload-time = "2025-05-02T08:33:02.081Z" },
    { url = "https://files.pythonhosted.org/packages/e2/28/ffc026b26f441fc67bd21ab7f03b313ab3fe46714a14b516f931abe1a2d8/charset_normalizer-3.4.2-cp313-cp313-manylinux_2_17_x86_64.manylinux2014_x86_64.whl", hash = "sha256:6c9379d65defcab82d07b2a9dfbfc2e95bc8fe0ebb1b176a3190230a3ef0e07c", size = 148243, upload-time = "2025-05-02T08:33:04.063Z" },
    { url = "https://files.pythonhosted.org/packages/c0/0f/9abe9bd191629c33e69e47c6ef45ef99773320e9ad8e9cb08b8ab4a8d4cb/charset_normalizer-3.4.2-cp313-cp313-manylinux_2_5_i686.manylinux1_i686.manylinux_2_17_i686.manylinux2014_i686.whl", hash = "sha256:e635b87f01ebc977342e2697d05b56632f5f879a4f15955dfe8cef2448b51691", size = 150442, upload-time = "2025-05-02T08:33:06.418Z" },
    { url = "https://files.pythonhosted.org/packages/67/7c/a123bbcedca91d5916c056407f89a7f5e8fdfce12ba825d7d6b9954a1a3c/charset_normalizer-3.4.2-cp313-cp313-musllinux_1_2_aarch64.whl", hash = "sha256:1c95a1e2902a8b722868587c0e1184ad5c55631de5afc0eb96bc4b0d738092c0", size = 145147, upload-time = "2025-05-02T08:33:08.183Z" },
    { url = "https://files.pythonhosted.org/packages/ec/fe/1ac556fa4899d967b83e9893788e86b6af4d83e4726511eaaad035e36595/charset_normalizer-3.4.2-cp313-cp313-musllinux_1_2_i686.whl", hash = "sha256:ef8de666d6179b009dce7bcb2ad4c4a779f113f12caf8dc77f0162c29d20490b", size = 153057, upload-time = "2025-05-02T08:33:09.986Z" },
    { url = "https://files.pythonhosted.org/packages/2b/ff/acfc0b0a70b19e3e54febdd5301a98b72fa07635e56f24f60502e954c461/charset_normalizer-3.4.2-cp313-cp313-musllinux_1_2_ppc64le.whl", hash = "sha256:32fc0341d72e0f73f80acb0a2c94216bd704f4f0bce10aedea38f30502b271ff", size = 156454, upload-time = "2025-05-02T08:33:11.814Z" },
    { url = "https://files.pythonhosted.org/packages/92/08/95b458ce9c740d0645feb0e96cea1f5ec946ea9c580a94adfe0b617f3573/charset_normalizer-3.4.2-cp313-cp313-musllinux_1_2_s390x.whl", hash = "sha256:289200a18fa698949d2b39c671c2cc7a24d44096784e76614899a7ccf2574b7b", size = 154174, upload-time = "2025-05-02T08:33:13.707Z" },
    { url = "https://files.pythonhosted.org/packages/78/be/8392efc43487ac051eee6c36d5fbd63032d78f7728cb37aebcc98191f1ff/charset_normalizer-3.4.2-cp313-cp313-musllinux_1_2_x86_64.whl", hash = "sha256:4a476b06fbcf359ad25d34a057b7219281286ae2477cc5ff5e3f70a246971148", size = 149166, upload-time = "2025-05-02T08:33:15.458Z" },
    { url = "https://files.pythonhosted.org/packages/44/96/392abd49b094d30b91d9fbda6a69519e95802250b777841cf3bda8fe136c/charset_normalizer-3.4.2-cp313-cp313-win32.whl", hash = "sha256:aaeeb6a479c7667fbe1099af9617c83aaca22182d6cf8c53966491a0f1b7ffb7", size = 98064, upload-time = "2025-05-02T08:33:17.06Z" },
    { url = "https://files.pythonhosted.org/packages/e9/b0/0200da600134e001d91851ddc797809e2fe0ea72de90e09bec5a2fbdaccb/charset_normalizer-3.4.2-cp313-cp313-win_amd64.whl", hash = "sha256:aa6af9e7d59f9c12b33ae4e9450619cf2488e2bbe9b44030905877f0b2324980", size = 105641, upload-time = "2025-05-02T08:33:18.753Z" },
    { url = "https://files.pythonhosted.org/packages/20/94/c5790835a017658cbfabd07f3bfb549140c3ac458cfc196323996b10095a/charset_normalizer-3.4.2-py3-none-any.whl", hash = "sha256:7f56930ab0abd1c45cd15be65cc741c28b1c9a34876ce8c17a2fa107810c0af0", size = 52626, upload-time = "2025-05-02T08:34:40.053Z" },
]

[[package]]
name = "colorama"
version = "0.4.6"
source = { registry = "https://pypi.org/simple" }
sdist = { url = "https://files.pythonhosted.org/packages/d8/53/6f443c9a4a8358a93a6792e2acffb9d9d5cb0a5cfd8802644b7b1c9a02e4/colorama-0.4.6.tar.gz", hash = "sha256:08695f5cb7ed6e0531a20572697297273c47b8cae5a63ffc6d6ed5c201be6e44", size = 27697, upload-time = "2022-10-25T02:36:22.414Z" }
wheels = [
    { url = "https://files.pythonhosted.org/packages/d1/d6/3965ed04c63042e047cb6a3e6ed1a63a35087b6a609aa3a15ed8ac56c221/colorama-0.4.6-py2.py3-none-any.whl", hash = "sha256:4f1d9991f5acc0ca119f9d443620b77f9d6b33703e51011c16baf57afb285fc6", size = 25335, upload-time = "2022-10-25T02:36:20.889Z" },
]

[[package]]
name = "dotenv"
version = "0.9.9"
source = { registry = "https://pypi.org/simple" }
dependencies = [
    { name = "python-dotenv" },
]
wheels = [
    { url = "https://files.pythonhosted.org/packages/b2/b7/545d2c10c1fc15e48653c91efde329a790f2eecfbbf2bd16003b5db2bab0/dotenv-0.9.9-py2.py3-none-any.whl", hash = "sha256:29cf74a087b31dafdb5a446b6d7e11cbce8ed2741540e2339c69fbef92c94ce9", size = 1892, upload-time = "2025-02-19T22:15:01.647Z" },
]

[[package]]
name = "gevent"
version = "25.5.1"
source = { registry = "https://pypi.org/simple" }
dependencies = [
    { name = "cffi", marker = "platform_python_implementation == 'CPython' and sys_platform == 'win32'" },
    { name = "greenlet", marker = "platform_python_implementation == 'CPython'" },
    { name = "zope-event" },
    { name = "zope-interface" },
]
sdist = { url = "https://files.pythonhosted.org/packages/f1/58/267e8160aea00ab00acd2de97197eecfe307064a376fb5c892870a8a6159/gevent-25.5.1.tar.gz", hash = "sha256:582c948fa9a23188b890d0bc130734a506d039a2e5ad87dae276a456cc683e61", size = 6388207, upload-time = "2025-05-12T12:57:59.833Z" }
wheels = [
    { url = "https://files.pythonhosted.org/packages/10/25/2162b38d7b48e08865db6772d632bd1648136ce2bb50e340565e45607cad/gevent-25.5.1-cp313-cp313-macosx_11_0_universal2.whl", hash = "sha256:a022a9de9275ce0b390b7315595454258c525dc8287a03f1a6cacc5878ab7cbc", size = 2928044, upload-time = "2025-05-12T11:11:36.33Z" },
    { url = "https://files.pythonhosted.org/packages/1b/e0/dbd597a964ed00176da122ea759bf2a6c1504f1e9f08e185379f92dc355f/gevent-25.5.1-cp313-cp313-manylinux_2_17_aarch64.manylinux2014_aarch64.whl", hash = "sha256:3fae8533f9d0ef3348a1f503edcfb531ef7a0236b57da1e24339aceb0ce52922", size = 1788751, upload-time = "2025-05-12T11:52:32.643Z" },
    { url = "https://files.pythonhosted.org/packages/f1/74/960cc4cf4c9c90eafbe0efc238cdf588862e8e278d0b8c0d15a0da4ed480/gevent-25.5.1-cp313-cp313-manylinux_2_17_ppc64le.manylinux2014_ppc64le.whl", hash = "sha256:c7b32d9c3b5294b39ea9060e20c582e49e1ec81edbfeae6cf05f8ad0829cb13d", size = 1869766, upload-time = "2025-05-12T11:54:23.903Z" },
    { url = "https://files.pythonhosted.org/packages/56/78/fa84b1c7db79b156929685db09a7c18c3127361dca18a09e998e98118506/gevent-25.5.1-cp313-cp313-manylinux_2_17_s390x.manylinux2014_s390x.whl", hash = "sha256:7b95815fe44f318ebbfd733b6428b4cb18cc5e68f1c40e8501dd69cc1f42a83d", size = 1835358, upload-time = "2025-05-12T12:00:06.794Z" },
    { url = "https://files.pythonhosted.org/packages/00/5c/bfefe3822bbca5b83bfad256c82251b3f5be13d52d14e17a786847b9b625/gevent-25.5.1-cp313-cp313-manylinux_2_17_x86_64.manylinux2014_x86_64.whl", hash = "sha256:2d316529b70d325b183b2f3f5cde958911ff7be12eb2b532b5c301f915dbbf1e", size = 2073071, upload-time = "2025-05-12T11:33:04.2Z" },
    { url = "https://files.pythonhosted.org/packages/20/e4/08a77a3839a37db96393dea952e992d5846a881b887986dde62ead6b48a1/gevent-25.5.1-cp313-cp313-musllinux_1_2_aarch64.whl", hash = "sha256:f6ba33c13db91ffdbb489a4f3d177a261ea1843923e1d68a5636c53fe98fa5ce", size = 1809805, upload-time = "2025-05-12T12:00:00.537Z" },
    { url = "https://files.pythonhosted.org/packages/2b/ac/28848348f790c1283df74b0fc0a554271d0606676470f848eccf84eae42a/gevent-25.5.1-cp313-cp313-musllinux_1_2_x86_64.whl", hash = "sha256:37ee34b77c7553777c0b8379915f75934c3f9c8cd32f7cd098ea43c9323c2276", size = 2138305, upload-time = "2025-05-12T11:40:56.566Z" },
    { url = "https://files.pythonhosted.org/packages/52/9e/0e9e40facd2d714bfb00f71fc6dacaacc82c24c1c2e097bf6461e00dec9f/gevent-25.5.1-cp313-cp313-win_amd64.whl", hash = "sha256:9fa6aa0da224ed807d3b76cdb4ee8b54d4d4d5e018aed2478098e685baae7896", size = 1637444, upload-time = "2025-05-12T12:17:45.995Z" },
    { url = "https://files.pythonhosted.org/packages/60/16/b71171e97ec7b4ded8669542f4369d88d5a289e2704efbbde51e858e062a/gevent-25.5.1-cp314-cp314-macosx_11_0_universal2.whl", hash = "sha256:0bacf89a65489d26c7087669af89938d5bfd9f7afb12a07b57855b9fad6ccbd0", size = 2937113, upload-time = "2025-05-12T11:12:03.191Z" },
]

[[package]]
name = "gevent-eventemitter"
version = "2.1"
source = { registry = "https://pypi.org/simple" }
dependencies = [
    { name = "gevent" },
]
sdist = { url = "https://files.pythonhosted.org/packages/1f/56/9e449b380f1e8cf19bedb4564e61a79dcf3971e6204ef08885d5816a9fe9/gevent-eventemitter-2.1.tar.gz", hash = "sha256:00e6e688c6a255f7bdcef1d8c999e0d02d9ab87d3c6ff626e6dc1a09762107f4", size = 3725, upload-time = "2019-06-02T10:01:33.479Z" }
wheels = [
    { url = "https://files.pythonhosted.org/packages/c7/f5/47f896511ca1fb5dd6e9fa1ba152f9ccc3f892f4d31c8757cfe36c248c8e/gevent_eventemitter-2.1-py2.py3-none-any.whl", hash = "sha256:30605a9fbb1f38b2511f188a2e7a1b4e9262f3c13bf810ac5b79cc0ba2900ff7", size = 5863, upload-time = "2019-06-02T10:01:31.926Z" },
]

[[package]]
name = "greenlet"
version = "3.2.3"
source = { registry = "https://pypi.org/simple" }
sdist = { url = "https://files.pythonhosted.org/packages/c9/92/bb85bd6e80148a4d2e0c59f7c0c2891029f8fd510183afc7d8d2feeed9b6/greenlet-3.2.3.tar.gz", hash = "sha256:8b0dd8ae4c0d6f5e54ee55ba935eeb3d735a9b58a8a1e5b5cbab64e01a39f365", size = 185752, upload-time = "2025-06-05T16:16:09.955Z" }
wheels = [
    { url = "https://files.pythonhosted.org/packages/b1/cf/f5c0b23309070ae93de75c90d29300751a5aacefc0a3ed1b1d8edb28f08b/greenlet-3.2.3-cp313-cp313-macosx_11_0_universal2.whl", hash = "sha256:500b8689aa9dd1ab26872a34084503aeddefcb438e2e7317b89b11eaea1901ad", size = 270732, upload-time = "2025-06-05T16:10:08.26Z" },
    { url = "https://files.pythonhosted.org/packages/48/ae/91a957ba60482d3fecf9be49bc3948f341d706b52ddb9d83a70d42abd498/greenlet-3.2.3-cp313-cp313-manylinux2014_aarch64.manylinux_2_17_aarch64.whl", hash = "sha256:a07d3472c2a93117af3b0136f246b2833fdc0b542d4a9799ae5f41c28323faef", size = 639033, upload-time = "2025-06-05T16:38:53.983Z" },
    { url = "https://files.pythonhosted.org/packages/6f/df/20ffa66dd5a7a7beffa6451bdb7400d66251374ab40b99981478c69a67a8/greenlet-3.2.3-cp313-cp313-manylinux2014_ppc64le.manylinux_2_17_ppc64le.whl", hash = "sha256:8704b3768d2f51150626962f4b9a9e4a17d2e37c8a8d9867bbd9fa4eb938d3b3", size = 652999, upload-time = "2025-06-05T16:41:37.89Z" },
    { url = "https://files.pythonhosted.org/packages/51/b4/ebb2c8cb41e521f1d72bf0465f2f9a2fd803f674a88db228887e6847077e/greenlet-3.2.3-cp313-cp313-manylinux2014_s390x.manylinux_2_17_s390x.whl", hash = "sha256:5035d77a27b7c62db6cf41cf786cfe2242644a7a337a0e155c80960598baab95", size = 647368, upload-time = "2025-06-05T16:48:21.467Z" },
    { url = "https://files.pythonhosted.org/packages/8e/6a/1e1b5aa10dced4ae876a322155705257748108b7fd2e4fae3f2a091fe81a/greenlet-3.2.3-cp313-cp313-manylinux2014_x86_64.manylinux_2_17_x86_64.whl", hash = "sha256:2d8aa5423cd4a396792f6d4580f88bdc6efcb9205891c9d40d20f6e670992efb", size = 650037, upload-time = "2025-06-05T16:13:06.402Z" },
    { url = "https://files.pythonhosted.org/packages/26/f2/ad51331a157c7015c675702e2d5230c243695c788f8f75feba1af32b3617/greenlet-3.2.3-cp313-cp313-manylinux_2_24_x86_64.manylinux_2_28_x86_64.whl", hash = "sha256:2c724620a101f8170065d7dded3f962a2aea7a7dae133a009cada42847e04a7b", size = 608402, upload-time = "2025-06-05T16:12:51.91Z" },
    { url = "https://files.pythonhosted.org/packages/26/bc/862bd2083e6b3aff23300900a956f4ea9a4059de337f5c8734346b9b34fc/greenlet-3.2.3-cp313-cp313-musllinux_1_1_aarch64.whl", hash = "sha256:873abe55f134c48e1f2a6f53f7d1419192a3d1a4e873bace00499a4e45ea6af0", size = 1119577, upload-time = "2025-06-05T16:36:49.787Z" },
    { url = "https://files.pythonhosted.org/packages/86/94/1fc0cc068cfde885170e01de40a619b00eaa8f2916bf3541744730ffb4c3/greenlet-3.2.3-cp313-cp313-musllinux_1_1_x86_64.whl", hash = "sha256:024571bbce5f2c1cfff08bf3fbaa43bbc7444f580ae13b0099e95d0e6e67ed36", size = 1147121, upload-time = "2025-06-05T16:12:42.527Z" },
    { url = "https://files.pythonhosted.org/packages/27/1a/199f9587e8cb08a0658f9c30f3799244307614148ffe8b1e3aa22f324dea/greenlet-3.2.3-cp313-cp313-win_amd64.whl", hash = "sha256:5195fb1e75e592dd04ce79881c8a22becdfa3e6f500e7feb059b1e6fdd54d3e3", size = 297603, upload-time = "2025-06-05T16:20:12.651Z" },
    { url = "https://files.pythonhosted.org/packages/d8/ca/accd7aa5280eb92b70ed9e8f7fd79dc50a2c21d8c73b9a0856f5b564e222/greenlet-3.2.3-cp314-cp314-macosx_11_0_universal2.whl", hash = "sha256:3d04332dddb10b4a211b68111dabaee2e1a073663d117dc10247b5b1642bac86", size = 271479, upload-time = "2025-06-05T16:10:47.525Z" },
    { url = "https://files.pythonhosted.org/packages/55/71/01ed9895d9eb49223280ecc98a557585edfa56b3d0e965b9fa9f7f06b6d9/greenlet-3.2.3-cp314-cp314-manylinux2014_aarch64.manylinux_2_17_aarch64.whl", hash = "sha256:8186162dffde068a465deab08fc72c767196895c39db26ab1c17c0b77a6d8b97", size = 683952, upload-time = "2025-06-05T16:38:55.125Z" },
    { url = "https://files.pythonhosted.org/packages/ea/61/638c4bdf460c3c678a0a1ef4c200f347dff80719597e53b5edb2fb27ab54/greenlet-3.2.3-cp314-cp314-manylinux2014_ppc64le.manylinux_2_17_ppc64le.whl", hash = "sha256:f4bfbaa6096b1b7a200024784217defedf46a07c2eee1a498e94a1b5f8ec5728", size = 696917, upload-time = "2025-06-05T16:41:38.959Z" },
    { url = "https://files.pythonhosted.org/packages/22/cc/0bd1a7eb759d1f3e3cc2d1bc0f0b487ad3cc9f34d74da4b80f226fde4ec3/greenlet-3.2.3-cp314-cp314-manylinux2014_s390x.manylinux_2_17_s390x.whl", hash = "sha256:ed6cfa9200484d234d8394c70f5492f144b20d4533f69262d530a1a082f6ee9a", size = 692443, upload-time = "2025-06-05T16:48:23.113Z" },
    { url = "https://files.pythonhosted.org/packages/67/10/b2a4b63d3f08362662e89c103f7fe28894a51ae0bc890fabf37d1d780e52/greenlet-3.2.3-cp314-cp314-manylinux2014_x86_64.manylinux_2_17_x86_64.whl", hash = "sha256:02b0df6f63cd15012bed5401b47829cfd2e97052dc89da3cfaf2c779124eb892", size = 692995, upload-time = "2025-06-05T16:13:07.972Z" },
    { url = "https://files.pythonhosted.org/packages/5a/c6/ad82f148a4e3ce9564056453a71529732baf5448ad53fc323e37efe34f66/greenlet-3.2.3-cp314-cp314-manylinux_2_24_x86_64.manylinux_2_28_x86_64.whl", hash = "sha256:86c2d68e87107c1792e2e8d5399acec2487a4e993ab76c792408e59394d52141", size = 655320, upload-time = "2025-06-05T16:12:53.453Z" },
    { url = "https://files.pythonhosted.org/packages/5c/4f/aab73ecaa6b3086a4c89863d94cf26fa84cbff63f52ce9bc4342b3087a06/greenlet-3.2.3-cp314-cp314-win_amd64.whl", hash = "sha256:8c47aae8fbbfcf82cc13327ae802ba13c9c36753b67e760023fd116bc124a62a", size = 301236, upload-time = "2025-06-05T16:15:20.111Z" },
]

[[package]]
name = "idna"
version = "3.10"
source = { registry = "https://pypi.org/simple" }
sdist = { url = "https://files.pythonhosted.org/packages/f1/70/7703c29685631f5a7590aa73f1f1d3fa9a380e654b86af429e0934a32f7d/idna-3.10.tar.gz", hash = "sha256:12f65c9b470abda6dc35cf8e63cc574b1c52b11df2c86030af0ac09b01b13ea9", size = 190490, upload-time = "2024-09-15T18:07:39.745Z" }
wheels = [
    { url = "https://files.pythonhosted.org/packages/76/c6/c88e154df9c4e1a2a66ccf0005a88dfb2650c1dffb6f5ce603dfbd452ce3/idna-3.10-py3-none-any.whl", hash = "sha256:946d195a0d259cbba61165e88e65941f16e9b36ea6ddb97f00452bae8b1287d3", size = 70442, upload-time = "2024-09-15T18:07:37.964Z" },
]

[[package]]
name = "protobuf"
version = "3.20.3"
source = { registry = "https://pypi.org/simple" }
sdist = { url = "https://files.pythonhosted.org/packages/55/5b/e3d951e34f8356e5feecacd12a8e3b258a1da6d9a03ad1770f28925f29bc/protobuf-3.20.3.tar.gz", hash = "sha256:2e3427429c9cffebf259491be0af70189607f365c2f41c7c3764af6f337105f2", size = 216768, upload-time = "2022-09-29T22:39:47.592Z" }
wheels = [
    { url = "https://files.pythonhosted.org/packages/8d/14/619e24a4c70df2901e1f4dbc50a6291eb63a759172558df326347dce1f0d/protobuf-3.20.3-py2.py3-none-any.whl", hash = "sha256:a7ca6d488aa8ff7f329d4c545b2dbad8ac31464f1d8b1c87ad1346717731e4db", size = 162128, upload-time = "2022-09-29T22:39:44.547Z" },
]

[[package]]
name = "pycparser"
version = "2.22"
source = { registry = "https://pypi.org/simple" }
sdist = { url = "https://files.pythonhosted.org/packages/1d/b2/31537cf4b1ca988837256c910a668b553fceb8f069bedc4b1c826024b52c/pycparser-2.22.tar.gz", hash = "sha256:491c8be9c040f5390f5bf44a5b07752bd07f56edf992381b05c701439eec10f6", size = 172736, upload-time = "2024-03-30T13:22:22.564Z" }
wheels = [
    { url = "https://files.pythonhosted.org/packages/13/a3/a812df4e2dd5696d1f351d58b8fe16a405b234ad2886a0dab9183fb78109/pycparser-2.22-py3-none-any.whl", hash = "sha256:c3702b6d3dd8c7abc1afa565d7e63d53a1d0bd86cdc24edd75470f4de499cfcc", size = 117552, upload-time = "2024-03-30T13:22:20.476Z" },
]

[[package]]
name = "pycryptodomex"
version = "3.23.0"
source = { registry = "https://pypi.org/simple" }
sdist = { url = "https://files.pythonhosted.org/packages/c9/85/e24bf90972a30b0fcd16c73009add1d7d7cd9140c2498a68252028899e41/pycryptodomex-3.23.0.tar.gz", hash = "sha256:71909758f010c82bc99b0abf4ea12012c98962fbf0583c2164f8b84533c2e4da", size = 4922157, upload-time = "2025-05-17T17:23:41.434Z" }
wheels = [
    { url = "https://files.pythonhosted.org/packages/2e/00/10edb04777069a42490a38c137099d4b17ba6e36a4e6e28bdc7470e9e853/pycryptodomex-3.23.0-cp313-cp313t-macosx_10_13_universal2.whl", hash = "sha256:7b37e08e3871efe2187bc1fd9320cc81d87caf19816c648f24443483005ff886", size = 2498764, upload-time = "2025-05-17T17:22:21.453Z" },
    { url = "https://files.pythonhosted.org/packages/6b/3f/2872a9c2d3a27eac094f9ceaa5a8a483b774ae69018040ea3240d5b11154/pycryptodomex-3.23.0-cp313-cp313t-macosx_10_13_x86_64.whl", hash = "sha256:91979028227543010d7b2ba2471cf1d1e398b3f183cb105ac584df0c36dac28d", size = 1643012, upload-time = "2025-05-17T17:22:23.702Z" },
    { url = "https://files.pythonhosted.org/packages/70/af/774c2e2b4f6570fbf6a4972161adbb183aeeaa1863bde31e8706f123bf92/pycryptodomex-3.23.0-cp313-cp313t-manylinux_2_17_aarch64.manylinux2014_aarch64.whl", hash = "sha256:6b8962204c47464d5c1c4038abeadd4514a133b28748bcd9fa5b6d62e3cec6fa", size = 2187643, upload-time = "2025-05-17T17:22:26.37Z" },
    { url = "https://files.pythonhosted.org/packages/de/a3/71065b24cb889d537954cedc3ae5466af00a2cabcff8e29b73be047e9a19/pycryptodomex-3.23.0-cp313-cp313t-manylinux_2_17_x86_64.manylinux2014_x86_64.whl", hash = "sha256:a33986a0066860f7fcf7c7bd2bc804fa90e434183645595ae7b33d01f3c91ed8", size = 2273762, upload-time = "2025-05-17T17:22:28.313Z" },
    { url = "https://files.pythonhosted.org/packages/c9/0b/ff6f43b7fbef4d302c8b981fe58467b8871902cdc3eb28896b52421422cc/pycryptodomex-3.23.0-cp313-cp313t-manylinux_2_5_i686.manylinux1_i686.manylinux_2_17_i686.manylinux2014_i686.whl", hash = "sha256:c7947ab8d589e3178da3d7cdeabe14f841b391e17046954f2fbcd941705762b5", size = 2313012, upload-time = "2025-05-17T17:22:30.57Z" },
    { url = "https://files.pythonhosted.org/packages/02/de/9d4772c0506ab6da10b41159493657105d3f8bb5c53615d19452afc6b315/pycryptodomex-3.23.0-cp313-cp313t-musllinux_1_2_aarch64.whl", hash = "sha256:c25e30a20e1b426e1f0fa00131c516f16e474204eee1139d1603e132acffc314", size = 2186856, upload-time = "2025-05-17T17:22:32.819Z" },
    { url = "https://files.pythonhosted.org/packages/28/ad/8b30efcd6341707a234e5eba5493700a17852ca1ac7a75daa7945fcf6427/pycryptodomex-3.23.0-cp313-cp313t-musllinux_1_2_i686.whl", hash = "sha256:da4fa650cef02db88c2b98acc5434461e027dce0ae8c22dd5a69013eaf510006", size = 2347523, upload-time = "2025-05-17T17:22:35.386Z" },
    { url = "https://files.pythonhosted.org/packages/0f/02/16868e9f655b7670dbb0ac4f2844145cbc42251f916fc35c414ad2359849/pycryptodomex-3.23.0-cp313-cp313t-musllinux_1_2_x86_64.whl", hash = "sha256:58b851b9effd0d072d4ca2e4542bf2a4abcf13c82a29fd2c93ce27ee2a2e9462", size = 2272825, upload-time = "2025-05-17T17:22:37.632Z" },
    { url = "https://files.pythonhosted.org/packages/ca/18/4ca89ac737230b52ac8ffaca42f9c6f1fd07c81a6cd821e91af79db60632/pycryptodomex-3.23.0-cp313-cp313t-win32.whl", hash = "sha256:a9d446e844f08299236780f2efa9898c818fe7e02f17263866b8550c7d5fb328", size = 1772078, upload-time = "2025-05-17T17:22:40Z" },
    { url = "https://files.pythonhosted.org/packages/73/34/13e01c322db027682e00986873eca803f11c56ade9ba5bbf3225841ea2d4/pycryptodomex-3.23.0-cp313-cp313t-win_amd64.whl", hash = "sha256:bc65bdd9fc8de7a35a74cab1c898cab391a4add33a8fe740bda00f5976ca4708", size = 1803656, upload-time = "2025-05-17T17:22:42.139Z" },
    { url = "https://files.pythonhosted.org/packages/54/68/9504c8796b1805d58f4425002bcca20f12880e6fa4dc2fc9a668705c7a08/pycryptodomex-3.23.0-cp313-cp313t-win_arm64.whl", hash = "sha256:c885da45e70139464f082018ac527fdaad26f1657a99ee13eecdce0f0ca24ab4", size = 1707172, upload-time = "2025-05-17T17:22:44.704Z" },
    { url = "https://files.pythonhosted.org/packages/dd/9c/1a8f35daa39784ed8adf93a694e7e5dc15c23c741bbda06e1d45f8979e9e/pycryptodomex-3.23.0-cp37-abi3-macosx_10_9_universal2.whl", hash = "sha256:06698f957fe1ab229a99ba2defeeae1c09af185baa909a31a5d1f9d42b1aaed6", size = 2499240, upload-time = "2025-05-17T17:22:46.953Z" },
    { url = "https://files.pythonhosted.org/packages/7a/62/f5221a191a97157d240cf6643747558759126c76ee92f29a3f4aee3197a5/pycryptodomex-3.23.0-cp37-abi3-macosx_10_9_x86_64.whl", hash = "sha256:b2c2537863eccef2d41061e82a881dcabb04944c5c06c5aa7110b577cc487545", size = 1644042, upload-time = "2025-05-17T17:22:49.098Z" },
    { url = "https://files.pythonhosted.org/packages/8c/fd/5a054543c8988d4ed7b612721d7e78a4b9bf36bc3c5ad45ef45c22d0060e/pycryptodomex-3.23.0-cp37-abi3-manylinux_2_17_aarch64.manylinux2014_aarch64.whl", hash = "sha256:43c446e2ba8df8889e0e16f02211c25b4934898384c1ec1ec04d7889c0333587", size = 2186227, upload-time = "2025-05-17T17:22:51.139Z" },
    { url = "https://files.pythonhosted.org/packages/c8/a9/8862616a85cf450d2822dbd4fff1fcaba90877907a6ff5bc2672cafe42f8/pycryptodomex-3.23.0-cp37-abi3-manylinux_2_17_x86_64.manylinux2014_x86_64.whl", hash = "sha256:f489c4765093fb60e2edafdf223397bc716491b2b69fe74367b70d6999257a5c", size = 2272578, upload-time = "2025-05-17T17:22:53.676Z" },
    { url = "https://files.pythonhosted.org/packages/46/9f/bda9c49a7c1842820de674ab36c79f4fbeeee03f8ff0e4f3546c3889076b/pycryptodomex-3.23.0-cp37-abi3-manylinux_2_5_i686.manylinux1_i686.manylinux_2_17_i686.manylinux2014_i686.whl", hash = "sha256:bdc69d0d3d989a1029df0eed67cc5e8e5d968f3724f4519bd03e0ec68df7543c", size = 2312166, upload-time = "2025-05-17T17:22:56.585Z" },
    { url = "https://files.pythonhosted.org/packages/03/cc/870b9bf8ca92866ca0186534801cf8d20554ad2a76ca959538041b7a7cf4/pycryptodomex-3.23.0-cp37-abi3-musllinux_1_2_aarch64.whl", hash = "sha256:6bbcb1dd0f646484939e142462d9e532482bc74475cecf9c4903d4e1cd21f003", size = 2185467, upload-time = "2025-05-17T17:22:59.237Z" },
    { url = "https://files.pythonhosted.org/packages/96/e3/ce9348236d8e669fea5dd82a90e86be48b9c341210f44e25443162aba187/pycryptodomex-3.23.0-cp37-abi3-musllinux_1_2_i686.whl", hash = "sha256:8a4fcd42ccb04c31268d1efeecfccfd1249612b4de6374205376b8f280321744", size = 2346104, upload-time = "2025-05-17T17:23:02.112Z" },
    { url = "https://files.pythonhosted.org/packages/a5/e9/e869bcee87beb89040263c416a8a50204f7f7a83ac11897646c9e71e0daf/pycryptodomex-3.23.0-cp37-abi3-musllinux_1_2_x86_64.whl", hash = "sha256:55ccbe27f049743a4caf4f4221b166560d3438d0b1e5ab929e07ae1702a4d6fd", size = 2271038, upload-time = "2025-05-17T17:23:04.872Z" },
    { url = "https://files.pythonhosted.org/packages/8d/67/09ee8500dd22614af5fbaa51a4aee6e342b5fa8aecf0a6cb9cbf52fa6d45/pycryptodomex-3.23.0-cp37-abi3-win32.whl", hash = "sha256:189afbc87f0b9f158386bf051f720e20fa6145975f1e76369303d0f31d1a8d7c", size = 1771969, upload-time = "2025-05-17T17:23:07.115Z" },
    { url = "https://files.pythonhosted.org/packages/69/96/11f36f71a865dd6df03716d33bd07a67e9d20f6b8d39820470b766af323c/pycryptodomex-3.23.0-cp37-abi3-win_amd64.whl", hash = "sha256:52e5ca58c3a0b0bd5e100a9fbc8015059b05cffc6c66ce9d98b4b45e023443b9", size = 1803124, upload-time = "2025-05-17T17:23:09.267Z" },
    { url = "https://files.pythonhosted.org/packages/f9/93/45c1cdcbeb182ccd2e144c693eaa097763b08b38cded279f0053ed53c553/pycryptodomex-3.23.0-cp37-abi3-win_arm64.whl", hash = "sha256:02d87b80778c171445d67e23d1caef279bf4b25c3597050ccd2e13970b57fd51", size = 1707161, upload-time = "2025-05-17T17:23:11.414Z" },
]

[[package]]
name = "pyqrcode"
version = "1.2.1"
source = { registry = "https://pypi.org/simple" }
sdist = { url = "https://files.pythonhosted.org/packages/37/61/f07226075c347897937d4086ef8e55f0a62ae535e28069884ac68d979316/PyQRCode-1.2.1.tar.gz", hash = "sha256:fdbf7634733e56b72e27f9bce46e4550b75a3a2c420414035cae9d9d26b234d5", size = 36989, upload-time = "2016-06-20T03:28:03.411Z" }

[[package]]
name = "python-dateutil"
version = "2.9.0.post0"
source = { registry = "https://pypi.org/simple" }
dependencies = [
    { name = "six" },
]
sdist = { url = "https://files.pythonhosted.org/packages/66/c0/0c8b6ad9f17a802ee498c46e004a0eb49bc148f2fd230864601a86dcf6db/python-dateutil-2.9.0.post0.tar.gz", hash = "sha256:37dd54208da7e1cd875388217d5e00ebd4179249f90fb72437e91a35459a0ad3", size = 342432, upload-time = "2024-03-01T18:36:20.211Z" }
wheels = [
    { url = "https://files.pythonhosted.org/packages/ec/57/56b9bcc3c9c6a792fcbaf139543cee77261f3651ca9da0c93f5c1221264b/python_dateutil-2.9.0.post0-py2.py3-none-any.whl", hash = "sha256:a8b2bc7bffae282281c8140a97d3aa9c14da0b136dfe83f850eea9a5f7470427", size = 229892, upload-time = "2024-03-01T18:36:18.57Z" },
]

[[package]]
name = "python-dotenv"
version = "1.1.1"
source = { registry = "https://pypi.org/simple" }
sdist = { url = "https://files.pythonhosted.org/packages/f6/b0/4bc07ccd3572a2f9df7e6782f52b0c6c90dcbb803ac4a167702d7d0dfe1e/python_dotenv-1.1.1.tar.gz", hash = "sha256:a8a6399716257f45be6a007360200409fce5cda2661e3dec71d23dc15f6189ab", size = 41978, upload-time = "2025-06-24T04:21:07.341Z" }
wheels = [
    { url = "https://files.pythonhosted.org/packages/5f/ed/539768cf28c661b5b068d66d96a2f155c4971a5d55684a514c1a0e0dec2f/python_dotenv-1.1.1-py3-none-any.whl", hash = "sha256:31f23644fe2602f88ff55e1f5c79ba497e01224ee7737937930c448e4d0e24dc", size = 20556, upload-time = "2025-06-24T04:21:06.073Z" },
]

[[package]]
name = "requests"
version = "2.32.4"
source = { registry = "https://pypi.org/simple" }
dependencies = [
    { name = "certifi" },
    { name = "charset-normalizer" },
    { name = "idna" },
    { name = "urllib3" },
]
sdist = { url = "https://files.pythonhosted.org/packages/e1/0a/929373653770d8a0d7ea76c37de6e41f11eb07559b103b1c02cafb3f7cf8/requests-2.32.4.tar.gz", hash = "sha256:27d0316682c8a29834d3264820024b62a36942083d52caf2f14c0591336d3422", size = 135258, upload-time = "2025-06-09T16:43:07.34Z" }
wheels = [
    { url = "https://files.pythonhosted.org/packages/7c/e4/56027c4a6b4ae70ca9de302488c5ca95ad4a39e190093d6c1a8ace08341b/requests-2.32.4-py3-none-any.whl", hash = "sha256:27babd3cda2a6d50b30443204ee89830707d396671944c998b5975b031ac2b2c", size = 64847, upload-time = "2025-06-09T16:43:05.728Z" },
]

[[package]]
name = "setuptools"
version = "80.9.0"
source = { registry = "https://pypi.org/simple" }
sdist = { url = "https://files.pythonhosted.org/packages/18/5d/3bf57dcd21979b887f014ea83c24ae194cfcd12b9e0fda66b957c69d1fca/setuptools-80.9.0.tar.gz", hash = "sha256:f36b47402ecde768dbfafc46e8e4207b4360c654f1f3bb84475f0a28628fb19c", size = 1319958, upload-time = "2025-05-27T00:56:51.443Z" }
wheels = [
    { url = "https://files.pythonhosted.org/packages/a3/dc/17031897dae0efacfea57dfd3a82fdd2a2aeb58e0ff71b77b87e44edc772/setuptools-80.9.0-py3-none-any.whl", hash = "sha256:062d34222ad13e0cc312a4c02d73f059e86a4acbfbdea8f8f76b28c99f306922", size = 1201486, upload-time = "2025-05-27T00:56:49.664Z" },
]

[[package]]
name = "six"
version = "1.17.0"
source = { registry = "https://pypi.org/simple" }
sdist = { url = "https://files.pythonhosted.org/packages/94/e7/b2c673351809dca68a0e064b6af791aa332cf192da575fd474ed7d6f16a2/six-1.17.0.tar.gz", hash = "sha256:ff70335d468e7eb6ec65b95b99d3a2836546063f63acc5171de367e834932a81", size = 34031, upload-time = "2024-12-04T17:35:28.174Z" }
wheels = [
    { url = "https://files.pythonhosted.org/packages/b7/ce/149a00dd41f10bc29e5921b496af8b574d8413afcd5e30dfa0ed46c2cc5e/six-1.17.0-py2.py3-none-any.whl", hash = "sha256:4721f391ed90541fddacab5acf947aa0d3dc7d27b2e1e8eda2be8970586c3274", size = 11050, upload-time = "2024-12-04T17:35:26.475Z" },
]

[[package]]
name = "soupsieve"
version = "2.7"
source = { registry = "https://pypi.org/simple" }
sdist = { url = "https://files.pythonhosted.org/packages/3f/f4/4a80cd6ef364b2e8b65b15816a843c0980f7a5a2b4dc701fc574952aa19f/soupsieve-2.7.tar.gz", hash = "sha256:ad282f9b6926286d2ead4750552c8a6142bc4c783fd66b0293547c8fe6ae126a", size = 103418, upload-time = "2025-04-20T18:50:08.518Z" }
wheels = [
    { url = "https://files.pythonhosted.org/packages/e7/9c/0e6afc12c269578be5c0c1c9f4b49a8d32770a080260c333ac04cc1c832d/soupsieve-2.7-py3-none-any.whl", hash = "sha256:6e60cc5c1ffaf1cebcc12e8188320b72071e922c2e897f737cadce79ad5d30c4", size = 36677, upload-time = "2025-04-20T18:50:07.196Z" },
]

[[package]]
name = "steam"
version = "1.4.4"
source = { registry = "https://pypi.org/simple" }
dependencies = [
    { name = "cachetools" },
    { name = "pycryptodomex" },
    { name = "requests" },
    { name = "six" },
    { name = "vdf" },
]
sdist = { url = "https://files.pythonhosted.org/packages/9a/31/62ac25584988182dee5ee949395e08943ff8b11634dc33abab7078d28433/steam-1.4.4.tar.gz", hash = "sha256:2b5bd6911c0d4a7312f441b8d162b9d8d47c8bebb8efc6c8867393b0323fa52e", size = 644071, upload-time = "2022-12-10T11:16:22.757Z" }

[package.optional-dependencies]
client = [
    { name = "gevent" },
    { name = "gevent-eventemitter" },
    { name = "protobuf" },
]

[[package]]
name = "steambot"
version = "0.1.0"
source = { virtual = "." }
dependencies = [
    { name = "dotenv" },
    { name = "steamctl" },
]

[package.metadata]
requires-dist = [
    { name = "dotenv", specifier = ">=0.9.9" },
    { name = "steamctl", specifier = ">=0.9.5" },
]

[[package]]
name = "steamctl"
version = "0.9.5"
source = { registry = "https://pypi.org/simple" }
dependencies = [
    { name = "appdirs" },
    { name = "argcomplete" },
    { name = "arrow" },
    { name = "beautifulsoup4" },
    { name = "pyqrcode" },
    { name = "steam", extra = ["client"] },
    { name = "tqdm" },
    { name = "vpk" },
]
sdist = { url = "https://files.pythonhosted.org/packages/a2/f0/87a2eb63a832ac876b5a534d51fbcee385549f92035b3c6dd61ba34a3fea/steamctl-0.9.5.tar.gz", hash = "sha256:d6bc8cf60e4d6720fbf78ebece2c281bff5d0253710245e65a295464c435af42", size = 43926, upload-time = "2022-10-17T18:05:54.797Z" }
wheels = [
    { url = "https://files.pythonhosted.org/packages/f6/0e/a7288a546ea3319af186b29a9f4668233944c307743471cbf4c4389106a5/steamctl-0.9.5-py3-none-any.whl", hash = "sha256:781c072bedebd9afe85b79fb302fac41fba89fa9632d010c2c3e630fd4382ca2", size = 58461, upload-time = "2022-10-17T18:05:53.102Z" },
]

[[package]]
name = "tqdm"
version = "4.67.1"
source = { registry = "https://pypi.org/simple" }
dependencies = [
    { name = "colorama", marker = "sys_platform == 'win32'" },
]
sdist = { url = "https://files.pythonhosted.org/packages/a8/4b/29b4ef32e036bb34e4ab51796dd745cdba7ed47ad142a9f4a1eb8e0c744d/tqdm-4.67.1.tar.gz", hash = "sha256:f8aef9c52c08c13a65f30ea34f4e5aac3fd1a34959879d7e59e63027286627f2", size = 169737, upload-time = "2024-11-24T20:12:22.481Z" }
wheels = [
    { url = "https://files.pythonhosted.org/packages/d0/30/dc54f88dd4a2b5dc8a0279bdd7270e735851848b762aeb1c1184ed1f6b14/tqdm-4.67.1-py3-none-any.whl", hash = "sha256:26445eca388f82e72884e0d580d5464cd801a3ea01e63e5601bdff9ba6a48de2", size = 78540, upload-time = "2024-11-24T20:12:19.698Z" },
]

[[package]]
name = "types-python-dateutil"
version = "2.9.0.20250708"
source = { registry = "https://pypi.org/simple" }
sdist = { url = "https://files.pythonhosted.org/packages/c9/95/6bdde7607da2e1e99ec1c1672a759d42f26644bbacf939916e086db34870/types_python_dateutil-2.9.0.20250708.tar.gz", hash = "sha256:ccdbd75dab2d6c9696c350579f34cffe2c281e4c5f27a585b2a2438dd1d5c8ab", size = 15834, upload-time = "2025-07-08T03:14:03.382Z" }
wheels = [
    { url = "https://files.pythonhosted.org/packages/72/52/43e70a8e57fefb172c22a21000b03ebcc15e47e97f5cb8495b9c2832efb4/types_python_dateutil-2.9.0.20250708-py3-none-any.whl", hash = "sha256:4d6d0cc1cc4d24a2dc3816024e502564094497b713f7befda4d5bc7a8e3fd21f", size = 17724, upload-time = "2025-07-08T03:14:02.593Z" },
]

[[package]]
name = "typing-extensions"
version = "4.14.1"
source = { registry = "https://pypi.org/simple" }
sdist = { url = "https://files.pythonhosted.org/packages/98/5a/da40306b885cc8c09109dc2e1abd358d5684b1425678151cdaed4731c822/typing_extensions-4.14.1.tar.gz", hash = "sha256:38b39f4aeeab64884ce9f74c94263ef78f3c22467c8724005483154c26648d36", size = 107673, upload-time = "2025-07-04T13:28:34.16Z" }
wheels = [
    { url = "https://files.pythonhosted.org/packages/b5/00/d631e67a838026495268c2f6884f3711a15a9a2a96cd244fdaea53b823fb/typing_extensions-4.14.1-py3-none-any.whl", hash = "sha256:d1e1e3b58374dc93031d6eda2420a48ea44a36c2b4766a4fdeb3710755731d76", size = 43906, upload-time = "2025-07-04T13:28:32.743Z" },
]

[[package]]
name = "urllib3"
version = "2.5.0"
source = { registry = "https://pypi.org/simple" }
sdist = { url = "https://files.pythonhosted.org/packages/15/22/9ee70a2574a4f4599c47dd506532914ce044817c7752a79b6a51286319bc/urllib3-2.5.0.tar.gz", hash = "sha256:3fc47733c7e419d4bc3f6b3dc2b4f890bb743906a30d56ba4a5bfa4bbff92760", size = 393185, upload-time = "2025-06-18T14:07:41.644Z" }
wheels = [
    { url = "https://files.pythonhosted.org/packages/a7/c2/fe1e52489ae3122415c51f387e221dd0773709bad6c6cdaa599e8a2c5185/urllib3-2.5.0-py3-none-any.whl", hash = "sha256:e6b01673c0fa6a13e374b50871808eb3bf7046c4b125b216f6bf1cc604cff0dc", size = 129795, upload-time = "2025-06-18T14:07:40.39Z" },
]

[[package]]
name = "vdf"
version = "3.4"
source = { registry = "https://pypi.org/simple" }
sdist = { url = "https://files.pythonhosted.org/packages/44/7f/74192f47d67c8bf3c47bf0d8487b3457614c2c98d58b6617721d217f3f79/vdf-3.4.tar.gz", hash = "sha256:fd5419f41e07a1009e5ffd027c7dcbe43d1f7e8ef453aeaa90d9d04b807de2af", size = 11132, upload-time = "2021-05-22T09:26:05.252Z" }
wheels = [
    { url = "https://files.pythonhosted.org/packages/96/60/6456b687cf55cf60020dcd01f9bc51561c3cc84f05fd8e0feb71ce60f894/vdf-3.4-py2.py3-none-any.whl", hash = "sha256:68c1a125cc49e343d535af2dd25074e9cb0908c6607f073947c4a04bbe234534", size = 10357, upload-time = "2021-05-22T09:26:03.948Z" },
]

[[package]]
name = "vpk"
version = "1.4.0"
source = { registry = "https://pypi.org/simple" }
sdist = { url = "https://files.pythonhosted.org/packages/70/d4/567a1c46a4c1efc646454868cfffa81e87760663cfddcc28dc9d273fb5ac/vpk-1.4.0.tar.gz", hash = "sha256:32ce0a2ca74f29e6b6614dc6e56b7724181c7b011f4de6040a138d4d8fe97040", size = 11516, upload-time = "2021-12-24T15:10:52.326Z" }
wheels = [
    { url = "https://files.pythonhosted.org/packages/39/b9/b87009a8ad0db87d1b14bb0b2b474254b18ba740057f4ba8bae7cc790e5d/vpk-1.4.0-py2.py3-none-any.whl", hash = "sha256:021a40fa28eece9909dfce6f2b55abfd39fff22ac4a4a18ddf7a10afa4c1232f", size = 11168, upload-time = "2021-12-24T15:10:50.616Z" },
]

[[package]]
name = "zope-event"
version = "5.1.1"
source = { registry = "https://pypi.org/simple" }
dependencies = [
    { name = "setuptools" },
]
sdist = { url = "https://files.pythonhosted.org/packages/5a/9f/c443569a68d3844c044d9fa9711e08adb33649b527b4d432433f4c2a6a02/zope_event-5.1.1.tar.gz", hash = "sha256:c1ac931abf57efba71a2a313c5f4d57768a19b15c37e3f02f50eb1536be12d4e", size = 18811, upload-time = "2025-07-22T07:04:00.924Z" }
wheels = [
    { url = "https://files.pythonhosted.org/packages/e9/04/fd55695f6448abd22295fc68b2d3a135389558f0f49a24b0dffe019d0ecb/zope_event-5.1.1-py3-none-any.whl", hash = "sha256:8d5ea7b992c42ce73a6fa9c2ba99a004c52cd9f05d87f3220768ef0329b92df7", size = 7014, upload-time = "2025-07-22T07:03:59.9Z" },
]

[[package]]
name = "zope-interface"
version = "7.2"
source = { registry = "https://pypi.org/simple" }
dependencies = [
    { name = "setuptools" },
]
sdist = { url = "https://files.pythonhosted.org/packages/30/93/9210e7606be57a2dfc6277ac97dcc864fd8d39f142ca194fdc186d596fda/zope.interface-7.2.tar.gz", hash = "sha256:8b49f1a3d1ee4cdaf5b32d2e738362c7f5e40ac8b46dd7d1a65e82a4872728fe", size = 252960, upload-time = "2024-11-28T08:45:39.224Z" }
wheels = [
    { url = "https://files.pythonhosted.org/packages/c6/3b/e309d731712c1a1866d61b5356a069dd44e5b01e394b6cb49848fa2efbff/zope.interface-7.2-cp313-cp313-macosx_10_9_x86_64.whl", hash = "sha256:3e0350b51e88658d5ad126c6a57502b19d5f559f6cb0a628e3dc90442b53dd98", size = 208961, upload-time = "2024-11-28T08:48:29.865Z" },
    { url = "https://files.pythonhosted.org/packages/49/65/78e7cebca6be07c8fc4032bfbb123e500d60efdf7b86727bb8a071992108/zope.interface-7.2-cp313-cp313-macosx_11_0_arm64.whl", hash = "sha256:15398c000c094b8855d7d74f4fdc9e73aa02d4d0d5c775acdef98cdb1119768d", size = 209356, upload-time = "2024-11-28T08:48:33.297Z" },
    { url = "https://files.pythonhosted.org/packages/11/b1/627384b745310d082d29e3695db5f5a9188186676912c14b61a78bbc6afe/zope.interface-7.2-cp313-cp313-manylinux_2_17_aarch64.manylinux2014_aarch64.whl", hash = "sha256:802176a9f99bd8cc276dcd3b8512808716492f6f557c11196d42e26c01a69a4c", size = 264196, upload-time = "2024-11-28T09:18:17.584Z" },
    { url = "https://files.pythonhosted.org/packages/b8/f6/54548df6dc73e30ac6c8a7ff1da73ac9007ba38f866397091d5a82237bd3/zope.interface-7.2-cp313-cp313-manylinux_2_5_i686.manylinux1_i686.manylinux_2_17_i686.manylinux2014_i686.whl", hash = "sha256:eb23f58a446a7f09db85eda09521a498e109f137b85fb278edb2e34841055398", size = 259237, upload-time = "2024-11-28T08:48:31.71Z" },
    { url = "https://files.pythonhosted.org/packages/b6/66/ac05b741c2129fdf668b85631d2268421c5cd1a9ff99be1674371139d665/zope.interface-7.2-cp313-cp313-manylinux_2_5_x86_64.manylinux1_x86_64.manylinux_2_17_x86_64.manylinux2014_x86_64.whl", hash = "sha256:a71a5b541078d0ebe373a81a3b7e71432c61d12e660f1d67896ca62d9628045b", size = 264696, upload-time = "2024-11-28T08:48:41.161Z" },
    { url = "https://files.pythonhosted.org/packages/0a/2f/1bccc6f4cc882662162a1158cda1a7f616add2ffe322b28c99cb031b4ffc/zope.interface-7.2-cp313-cp313-win_amd64.whl", hash = "sha256:4893395d5dd2ba655c38ceb13014fd65667740f09fa5bb01caa1e6284e48c0cd", size = 212472, upload-time = "2024-11-28T08:49:56.587Z" },
]
